
Microsoft Visual Studio Solution File, Format Version 12.00
# Visual Studio Version 17
VisualStudioVersion = 17.3.32825.248
MinimumVisualStudioVersion = 10.0.40219.1
Project("{FAE04EC0-301F-11D3-BF4B-00C04F79EFBC}") = "hmwk50.web", "hmwk50.web\hmwk50.web.csproj", "{7C1B8993-8288-4702-A52D-27D572D542D6}"
EndProject
Project("{FAE04EC0-301F-11D3-BF4B-00C04F79EFBC}") = "hmwk50.data", "hmwk50.data\hmwk50.data.csproj", "{B41EC23C-38EB-4CD2-858D-958897F48E33}"
EndProject
Global
	GlobalSection(SolutionConfigurationPlatforms) = preSolution
		Debug|Any CPU = Debug|Any CPU
		Release|Any CPU = Release|Any CPU
	EndGlobalSection
	GlobalSection(ProjectConfigurationPlatforms) = postSolution
		{7C1B8993-8288-4702-A52D-27D572D542D6}.Debug|Any CPU.ActiveCfg = Debug|Any CPU
		{7C1B8993-8288-4702-A52D-27D572D542D6}.Debug|Any CPU.Build.0 = Debug|Any CPU
		{7C1B8993-8288-4702-A52D-27D572D542D6}.Release|Any CPU.ActiveCfg = Release|Any CPU
		{7C1B8993-8288-4702-A52D-27D572D542D6}.Release|Any CPU.Build.0 = Release|Any CPU
		{B41EC23C-38EB-4CD2-858D-958897F48E33}.Debug|Any CPU.ActiveCfg = Debug|Any CPU
		{B41EC23C-38EB-4CD2-858D-958897F48E33}.Debug|Any CPU.Build.0 = Debug|Any CPU
		{B41EC23C-38EB-4CD2-858D-958897F48E33}.Release|Any CPU.ActiveCfg = Release|Any CPU
		{B41EC23C-38EB-4CD2-858D-958897F48E33}.Release|Any CPU.Build.0 = Release|Any CPU
	EndGlobalSection
	GlobalSection(SolutionProperties) = preSolution
		HideSolutionNode = FALSE
	EndGlobalSection
	GlobalSection(ExtensibilityGlobals) = postSolution
		SolutionGuid = {ABF25768-5E3D-479F-A191-8CB456654BEA}
	EndGlobalSection
EndGlobal
